
Microsoft Visual Studio Solution File, Format Version 12.00
# Visual Studio Version 17
VisualStudioVersion = 17.13.35931.197 d17.13
MinimumVisualStudioVersion = 10.0.40219.1
Project("{FAE04EC0-301F-11D3-BF4B-00C04F79EFBC}") = "BearSubPlayer", "BearSubPlayer\BearSubPlayer.csproj", "{F6C12508-90FB-47A5-81BF-D202A16D51B9}"
EndProject
Global
	GlobalSection(SolutionConfigurationPlatforms) = preSolution
		Debug|Any CPU = Debug|Any CPU
		Release|Any CPU = Release|Any CPU
	EndGlobalSection
	GlobalSection(ProjectConfigurationPlatforms) = postSolution
		{F6C12508-90FB-47A5-81BF-D202A16D51B9}.Debug|Any CPU.ActiveCfg = Debug|Any CPU
		{F6C12508-90FB-47A5-81BF-D202A16D51B9}.Debug|Any CPU.Build.0 = Debug|Any CPU
		{F6C12508-90FB-47A5-81BF-D202A16D51B9}.Release|Any CPU.ActiveCfg = Release|Any CPU
		{F6C12508-90FB-47A5-81BF-D202A16D51B9}.Release|Any CPU.Build.0 = Release|Any CPU
	EndGlobalSection
	GlobalSection(SolutionProperties) = preSolution
		HideSolutionNode = FALSE
	EndGlobalSection
	GlobalSection(ExtensibilityGlobals) = postSolution
		SolutionGuid = {31EE6C9A-43DD-4B9F-A146-1A20D24AEE9E}
	EndGlobalSection
EndGlobal
